// !$*UTF8*$!
{
	archiveVersion = 1;
	classes = {
	};
	objectVersion = 46;
	objects = {

/* Begin PBXBuildFile section */
		0E2B54D21F135412002F17CA /* State.swift in Sources */ = {isa = PBXBuildFile; fileRef = 0E2B54D11F135412002F17CA /* State.swift */; };
		0E2B54D41F135418002F17CA /* StateMachine.swift in Sources */ = {isa = PBXBuildFile; fileRef = 0E2B54D31F135418002F17CA /* StateMachine.swift */; };
		0E2B54D91F136308002F17CA /* ViewStateMachine.swift in Sources */ = {isa = PBXBuildFile; fileRef = 0E2B54D81F136308002F17CA /* ViewStateMachine.swift */; };
		0E2B54DB1F1383CB002F17CA /* Error.swift in Sources */ = {isa = PBXBuildFile; fileRef = 0E2B54DA1F1383CB002F17CA /* Error.swift */; };
		0E2B54DF1F1388BF002F17CA /* StateView.xib in Resources */ = {isa = PBXBuildFile; fileRef = 0E2B54DE1F1388BF002F17CA /* StateView.xib */; };
		0E2B54E11F1388C7002F17CA /* StateView.swift in Sources */ = {isa = PBXBuildFile; fileRef = 0E2B54E01F1388C7002F17CA /* StateView.swift */; };
		0E2B54E31F138984002F17CA /* NSObject+Extension.swift in Sources */ = {isa = PBXBuildFile; fileRef = 0E2B54E21F138984002F17CA /* NSObject+Extension.swift */; };
		0E2CDA881F13536D00DFF676 /* AppDelegate.swift in Sources */ = {isa = PBXBuildFile; fileRef = 0E2CDA871F13536D00DFF676 /* AppDelegate.swift */; };
		0E2CDA8A1F13536D00DFF676 /* ViewController.swift in Sources */ = {isa = PBXBuildFile; fileRef = 0E2CDA891F13536D00DFF676 /* ViewController.swift */; };
		0E2CDA8D1F13536D00DFF676 /* Main.storyboard in Resources */ = {isa = PBXBuildFile; fileRef = 0E2CDA8B1F13536D00DFF676 /* Main.storyboard */; };
		0E2CDA8F1F13536D00DFF676 /* Assets.xcassets in Resources */ = {isa = PBXBuildFile; fileRef = 0E2CDA8E1F13536D00DFF676 /* Assets.xcassets */; };
		0E2CDA921F13536D00DFF676 /* LaunchScreen.storyboard in Resources */ = {isa = PBXBuildFile; fileRef = 0E2CDA901F13536D00DFF676 /* LaunchScreen.storyboard */; };
		0E2CDA9D1F13536D00DFF676 /* StateMachineTests.swift in Sources */ = {isa = PBXBuildFile; fileRef = 0E2CDA9C1F13536D00DFF676 /* StateMachineTests.swift */; };
		0E2CDAA81F13536D00DFF676 /* StateMachineUITests.swift in Sources */ = {isa = PBXBuildFile; fileRef = 0E2CDAA71F13536D00DFF676 /* StateMachineUITests.swift */; };
/* End PBXBuildFile section */

/* Begin PBXContainerItemProxy section */
		0E2CDA991F13536D00DFF676 /* PBXContainerItemProxy */ = {
			isa = PBXContainerItemProxy;
			containerPortal = 0E2CDA7C1F13536D00DFF676 /* Project object */;
			proxyType = 1;
			remoteGlobalIDString = 0E2CDA831F13536D00DFF676;
			remoteInfo = StateMachine;
		};
		0E2CDAA41F13536D00DFF676 /* PBXContainerItemProxy */ = {
			isa = PBXContainerItemProxy;
			containerPortal = 0E2CDA7C1F13536D00DFF676 /* Project object */;
			proxyType = 1;
			remoteGlobalIDString = 0E2CDA831F13536D00DFF676;
			remoteInfo = StateMachine;
		};
/* End PBXContainerItemProxy section */

/* Begin PBXFileReference section */
		0E2B54D11F135412002F17CA /* State.swift */ = {isa = PBXFileReference; fileEncoding = 4; lastKnownFileType = sourcecode.swift; path = State.swift; sourceTree = "<group>"; };
		0E2B54D31F135418002F17CA /* StateMachine.swift */ = {isa = PBXFileReference; fileEncoding = 4; lastKnownFileType = sourcecode.swift; path = StateMachine.swift; sourceTree = "<group>"; };
		0E2B54D81F136308002F17CA /* ViewStateMachine.swift */ = {isa = PBXFileReference; fileEncoding = 4; lastKnownFileType = sourcecode.swift; path = ViewStateMachine.swift; sourceTree = "<group>"; };
		0E2B54DA1F1383CB002F17CA /* Error.swift */ = {isa = PBXFileReference; fileEncoding = 4; lastKnownFileType = sourcecode.swift; path = Error.swift; sourceTree = "<group>"; };
		0E2B54DE1F1388BF002F17CA /* StateView.xib */ = {isa = PBXFileReference; fileEncoding = 4; lastKnownFileType = file.xib; path = StateView.xib; sourceTree = "<group>"; };
		0E2B54E01F1388C7002F17CA /* StateView.swift */ = {isa = PBXFileReference; fileEncoding = 4; lastKnownFileType = sourcecode.swift; path = StateView.swift; sourceTree = "<group>"; };
		0E2B54E21F138984002F17CA /* NSObject+Extension.swift */ = {isa = PBXFileReference; fileEncoding = 4; lastKnownFileType = sourcecode.swift; path = "NSObject+Extension.swift"; sourceTree = "<group>"; };
		0E2CDA841F13536D00DFF676 /* StateMachine.app */ = {isa = PBXFileReference; explicitFileType = wrapper.application; includeInIndex = 0; path = StateMachine.app; sourceTree = BUILT_PRODUCTS_DIR; };
		0E2CDA871F13536D00DFF676 /* AppDelegate.swift */ = {isa = PBXFileReference; lastKnownFileType = sourcecode.swift; path = AppDelegate.swift; sourceTree = "<group>"; };
		0E2CDA891F13536D00DFF676 /* ViewController.swift */ = {isa = PBXFileReference; lastKnownFileType = sourcecode.swift; path = ViewController.swift; sourceTree = "<group>"; };
		0E2CDA8C1F13536D00DFF676 /* Base */ = {isa = PBXFileReference; lastKnownFileType = file.storyboard; name = Base; path = Base.lproj/Main.storyboard; sourceTree = "<group>"; };
		0E2CDA8E1F13536D00DFF676 /* Assets.xcassets */ = {isa = PBXFileReference; lastKnownFileType = folder.assetcatalog; path = Assets.xcassets; sourceTree = "<group>"; };
		0E2CDA911F13536D00DFF676 /* Base */ = {isa = PBXFileReference; lastKnownFileType = file.storyboard; name = Base; path = Base.lproj/LaunchScreen.storyboard; sourceTree = "<group>"; };
		0E2CDA931F13536D00DFF676 /* Info.plist */ = {isa = PBXFileReference; lastKnownFileType = text.plist.xml; path = Info.plist; sourceTree = "<group>"; };
		0E2CDA981F13536D00DFF676 /* StateMachineTests.xctest */ = {isa = PBXFileReference; explicitFileType = wrapper.cfbundle; includeInIndex = 0; path = StateMachineTests.xctest; sourceTree = BUILT_PRODUCTS_DIR; };
		0E2CDA9C1F13536D00DFF676 /* StateMachineTests.swift */ = {isa = PBXFileReference; lastKnownFileType = sourcecode.swift; path = StateMachineTests.swift; sourceTree = "<group>"; };
		0E2CDA9E1F13536D00DFF676 /* Info.plist */ = {isa = PBXFileReference; lastKnownFileType = text.plist.xml; path = Info.plist; sourceTree = "<group>"; };
		0E2CDAA31F13536D00DFF676 /* StateMachineUITests.xctest */ = {isa = PBXFileReference; explicitFileType = wrapper.cfbundle; includeInIndex = 0; path = StateMachineUITests.xctest; sourceTree = BUILT_PRODUCTS_DIR; };
		0E2CDAA71F13536D00DFF676 /* StateMachineUITests.swift */ = {isa = PBXFileReference; lastKnownFileType = sourcecode.swift; path = StateMachineUITests.swift; sourceTree = "<group>"; };
		0E2CDAA91F13536D00DFF676 /* Info.plist */ = {isa = PBXFileReference; lastKnownFileType = text.plist.xml; path = Info.plist; sourceTree = "<group>"; };
/* End PBXFileReference section */

/* Begin PBXFrameworksBuildPhase section */
		0E2CDA811F13536D00DFF676 /* Frameworks */ = {
			isa = PBXFrameworksBuildPhase;
			buildActionMask = 2147483647;
			files = (
			);
			runOnlyForDeploymentPostprocessing = 0;
		};
		0E2CDA951F13536D00DFF676 /* Frameworks */ = {
			isa = PBXFrameworksBuildPhase;
			buildActionMask = 2147483647;
			files = (
			);
			runOnlyForDeploymentPostprocessing = 0;
		};
		0E2CDAA01F13536D00DFF676 /* Frameworks */ = {
			isa = PBXFrameworksBuildPhase;
			buildActionMask = 2147483647;
			files = (
			);
			runOnlyForDeploymentPostprocessing = 0;
		};
/* End PBXFrameworksBuildPhase section */

/* Begin PBXGroup section */
		0E2B54D01F1353BF002F17CA /* StateMachine */ = {
			isa = PBXGroup;
			children = (
				0E2B54D11F135412002F17CA /* State.swift */,
				0E2B54D31F135418002F17CA /* StateMachine.swift */,
				0E2B54D81F136308002F17CA /* ViewStateMachine.swift */,
				0E2B54DA1F1383CB002F17CA /* Error.swift */,
			);
			path = StateMachine;
			sourceTree = "<group>";
		};
		0E2CDA7B1F13536D00DFF676 = {
			isa = PBXGroup;
			children = (
				0E2CDA861F13536D00DFF676 /* StateMachine */,
				0E2CDA9B1F13536D00DFF676 /* StateMachineTests */,
				0E2CDAA61F13536D00DFF676 /* StateMachineUITests */,
				0E2CDA851F13536D00DFF676 /* Products */,
			);
			sourceTree = "<group>";
		};
		0E2CDA851F13536D00DFF676 /* Products */ = {
			isa = PBXGroup;
			children = (
				0E2CDA841F13536D00DFF676 /* StateMachine.app */,
				0E2CDA981F13536D00DFF676 /* StateMachineTests.xctest */,
				0E2CDAA31F13536D00DFF676 /* StateMachineUITests.xctest */,
			);
			name = Products;
			sourceTree = "<group>";
		};
		0E2CDA861F13536D00DFF676 /* StateMachine */ = {
			isa = PBXGroup;
			children = (
				0E2B54E21F138984002F17CA /* NSObject+Extension.swift */,
				0E2B54D01F1353BF002F17CA /* StateMachine */,
				0E2CDA871F13536D00DFF676 /* AppDelegate.swift */,
				0E2CDA891F13536D00DFF676 /* ViewController.swift */,
				0E2CDA8B1F13536D00DFF676 /* Main.storyboard */,
				0E2CDA8E1F13536D00DFF676 /* Assets.xcassets */,
				0E2CDA901F13536D00DFF676 /* LaunchScreen.storyboard */,
				0E2CDA931F13536D00DFF676 /* Info.plist */,
				0E2B54DE1F1388BF002F17CA /* StateView.xib */,
				0E2B54E01F1388C7002F17CA /* StateView.swift */,
			);
			path = StateMachine;
			sourceTree = "<group>";
		};
		0E2CDA9B1F13536D00DFF676 /* StateMachineTests */ = {
			isa = PBXGroup;
			children = (
				0E2CDA9C1F13536D00DFF676 /* StateMachineTests.swift */,
				0E2CDA9E1F13536D00DFF676 /* Info.plist */,
			);
			path = StateMachineTests;
			sourceTree = "<group>";
		};
		0E2CDAA61F13536D00DFF676 /* StateMachineUITests */ = {
			isa = PBXGroup;
			children = (
				0E2CDAA71F13536D00DFF676 /* StateMachineUITests.swift */,
				0E2CDAA91F13536D00DFF676 /* Info.plist */,
			);
			path = StateMachineUITests;
			sourceTree = "<group>";
		};
/* End PBXGroup section */

/* Begin PBXNativeTarget section */
		0E2CDA831F13536D00DFF676 /* StateMachine */ = {
			isa = PBXNativeTarget;
			buildConfigurationList = 0E2CDAAC1F13536D00DFF676 /* Build configuration list for PBXNativeTarget "StateMachine" */;
			buildPhases = (
				0E2CDA801F13536D00DFF676 /* Sources */,
				0E2CDA811F13536D00DFF676 /* Frameworks */,
				0E2CDA821F13536D00DFF676 /* Resources */,
			);
			buildRules = (
			);
			dependencies = (
			);
			name = StateMachine;
			productName = StateMachine;
			productReference = 0E2CDA841F13536D00DFF676 /* StateMachine.app */;
			productType = "com.apple.product-type.application";
		};
		0E2CDA971F13536D00DFF676 /* StateMachineTests */ = {
			isa = PBXNativeTarget;
			buildConfigurationList = 0E2CDAAF1F13536D00DFF676 /* Build configuration list for PBXNativeTarget "StateMachineTests" */;
			buildPhases = (
				0E2CDA941F13536D00DFF676 /* Sources */,
				0E2CDA951F13536D00DFF676 /* Frameworks */,
				0E2CDA961F13536D00DFF676 /* Resources */,
			);
			buildRules = (
			);
			dependencies = (
				0E2CDA9A1F13536D00DFF676 /* PBXTargetDependency */,
			);
			name = StateMachineTests;
			productName = StateMachineTests;
			productReference = 0E2CDA981F13536D00DFF676 /* StateMachineTests.xctest */;
			productType = "com.apple.product-type.bundle.unit-test";
		};
		0E2CDAA21F13536D00DFF676 /* StateMachineUITests */ = {
			isa = PBXNativeTarget;
			buildConfigurationList = 0E2CDAB21F13536D00DFF676 /* Build configuration list for PBXNativeTarget "StateMachineUITests" */;
			buildPhases = (
				0E2CDA9F1F13536D00DFF676 /* Sources */,
				0E2CDAA01F13536D00DFF676 /* Frameworks */,
				0E2CDAA11F13536D00DFF676 /* Resources */,
			);
			buildRules = (
			);
			dependencies = (
				0E2CDAA51F13536D00DFF676 /* PBXTargetDependency */,
			);
			name = StateMachineUITests;
			productName = StateMachineUITests;
			productReference = 0E2CDAA31F13536D00DFF676 /* StateMachineUITests.xctest */;
			productType = "com.apple.product-type.bundle.ui-testing";
		};
/* End PBXNativeTarget section */

/* Begin PBXProject section */
		0E2CDA7C1F13536D00DFF676 /* Project object */ = {
			isa = PBXProject;
			attributes = {
				LastSwiftUpdateCheck = 0830;
				LastUpgradeCheck = 0830;
				ORGANIZATIONNAME = iShawnWang;
				TargetAttributes = {
					0E2CDA831F13536D00DFF676 = {
						CreatedOnToolsVersion = 8.3.3;
						DevelopmentTeam = NK43D9F8MS;
						ProvisioningStyle = Automatic;
					};
					0E2CDA971F13536D00DFF676 = {
						CreatedOnToolsVersion = 8.3.3;
						DevelopmentTeam = NK43D9F8MS;
						ProvisioningStyle = Automatic;
						TestTargetID = 0E2CDA831F13536D00DFF676;
					};
					0E2CDAA21F13536D00DFF676 = {
						CreatedOnToolsVersion = 8.3.3;
						DevelopmentTeam = NK43D9F8MS;
						ProvisioningStyle = Automatic;
						TestTargetID = 0E2CDA831F13536D00DFF676;
					};
				};
			};
			buildConfigurationList = 0E2CDA7F1F13536D00DFF676 /* Build configuration list for PBXProject "StateMachine" */;
			compatibilityVersion = "Xcode 3.2";
			developmentRegion = English;
			hasScannedForEncodings = 0;
			knownRegions = (
				en,
				Base,
			);
			mainGroup = 0E2CDA7B1F13536D00DFF676;
			productRefGroup = 0E2CDA851F13536D00DFF676 /* Products */;
			projectDirPath = "";
			projectRoot = "";
			targets = (
				0E2CDA831F13536D00DFF676 /* StateMachine */,
				0E2CDA971F13536D00DFF676 /* StateMachineTests */,
				0E2CDAA21F13536D00DFF676 /* StateMachineUITests */,
			);
		};
/* End PBXProject section */

/* Begin PBXResourcesBuildPhase section */
		0E2CDA821F13536D00DFF676 /* Resources */ = {
			isa = PBXResourcesBuildPhase;
			buildActionMask = 2147483647;
			files = (
				0E2CDA921F13536D00DFF676 /* LaunchScreen.storyboard in Resources */,
				0E2CDA8F1F13536D00DFF676 /* Assets.xcassets in Resources */,
				0E2B54DF1F1388BF002F17CA /* StateView.xib in Resources */,
				0E2CDA8D1F13536D00DFF676 /* Main.storyboard in Resources */,
			);
			runOnlyForDeploymentPostprocessing = 0;
		};
		0E2CDA961F13536D00DFF676 /* Resources */ = {
			isa = PBXResourcesBuildPhase;
			buildActionMask = 2147483647;
			files = (
			);
			runOnlyForDeploymentPostprocessing = 0;
		};
		0E2CDAA11F13536D00DFF676 /* Resources */ = {
			isa = PBXResourcesBuildPhase;
			buildActionMask = 2147483647;
			files = (
			);
			runOnlyForDeploymentPostprocessing = 0;
		};
/* End PBXResourcesBuildPhase section */

/* Begin PBXSourcesBuildPhase section */
		0E2CDA801F13536D00DFF676 /* Sources */ = {
			isa = PBXSourcesBuildPhase;
			buildActionMask = 2147483647;
			files = (
				0E2CDA8A1F13536D00DFF676 /* ViewController.swift in Sources */,
				0E2B54E31F138984002F17CA /* NSObject+Extension.swift in Sources */,
				0E2CDA881F13536D00DFF676 /* AppDelegate.swift in Sources */,
				0E2B54D21F135412002F17CA /* State.swift in Sources */,
				0E2B54D91F136308002F17CA /* ViewStateMachine.swift in Sources */,
				0E2B54DB1F1383CB002F17CA /* Error.swift in Sources */,
				0E2B54E11F1388C7002F17CA /* StateView.swift in Sources */,
				0E2B54D41F135418002F17CA /* StateMachine.swift in Sources */,
			);
			runOnlyForDeploymentPostprocessing = 0;
		};
		0E2CDA941F13536D00DFF676 /* Sources */ = {
			isa = PBXSourcesBuildPhase;
			buildActionMask = 2147483647;
			files = (
				0E2CDA9D1F13536D00DFF676 /* StateMachineTests.swift in Sources */,
			);
			runOnlyForDeploymentPostprocessing = 0;
		};
		0E2CDA9F1F13536D00DFF676 /* Sources */ = {
			isa = PBXSourcesBuildPhase;
			buildActionMask = 2147483647;
			files = (
				0E2CDAA81F13536D00DFF676 /* StateMachineUITests.swift in Sources */,
			);
			runOnlyForDeploymentPostprocessing = 0;
		};
/* End PBXSourcesBuildPhase section */

/* Begin PBXTargetDependency section */
		0E2CDA9A1F13536D00DFF676 /* PBXTargetDependency */ = {
			isa = PBXTargetDependency;
			target = 0E2CDA831F13536D00DFF676 /* StateMachine */;
			targetProxy = 0E2CDA991F13536D00DFF676 /* PBXContainerItemProxy */;
		};
		0E2CDAA51F13536D00DFF676 /* PBXTargetDependency */ = {
			isa = PBXTargetDependency;
			target = 0E2CDA831F13536D00DFF676 /* StateMachine */;
			targetProxy = 0E2CDAA41F13536D00DFF676 /* PBXContainerItemProxy */;
		};
/* End PBXTargetDependency section */

/* Begin PBXVariantGroup section */
		0E2CDA8B1F13536D00DFF676 /* Main.storyboard */ = {
			isa = PBXVariantGroup;
			children = (
				0E2CDA8C1F13536D00DFF676 /* Base */,
			);
			name = Main.storyboard;
			sourceTree = "<group>";
		};
		0E2CDA901F13536D00DFF676 /* LaunchScreen.storyboard */ = {
			isa = PBXVariantGroup;
			children = (
				0E2CDA911F13536D00DFF676 /* Base */,
			);
			name = LaunchScreen.storyboard;
			sourceTree = "<group>";
		};
/* End PBXVariantGroup section */

/* Begin XCBuildConfiguration section */
		0E2CDAAA1F13536D00DFF676 /* Debug */ = {
			isa = XCBuildConfiguration;
			buildSettings = {
				ALWAYS_SEARCH_USER_PATHS = NO;
				CLANG_ANALYZER_NONNULL = YES;
				CLANG_ANALYZER_NUMBER_OBJECT_CONVERSION = YES_AGGRESSIVE;
				CLANG_CXX_LANGUAGE_STANDARD = "gnu++0x";
				CLANG_CXX_LIBRARY = "libc++";
				CLANG_ENABLE_MODULES = YES;
				CLANG_ENABLE_OBJC_ARC = YES;
				CLANG_WARN_BOOL_CONVERSION = YES;
				CLANG_WARN_CONSTANT_CONVERSION = YES;
				CLANG_WARN_DIRECT_OBJC_ISA_USAGE = YES_ERROR;
				CLANG_WARN_DOCUMENTATION_COMMENTS = YES;
				CLANG_WARN_EMPTY_BODY = YES;
				CLANG_WARN_ENUM_CONVERSION = YES;
				CLANG_WARN_INFINITE_RECURSION = YES;
				CLANG_WARN_INT_CONVERSION = YES;
				CLANG_WARN_OBJC_ROOT_CLASS = YES_ERROR;
				CLANG_WARN_SUSPICIOUS_MOVE = YES;
				CLANG_WARN_UNREACHABLE_CODE = YES;
				CLANG_WARN__DUPLICATE_METHOD_MATCH = YES;
				"CODE_SIGN_IDENTITY[sdk=iphoneos*]" = "iPhone Developer";
				COPY_PHASE_STRIP = NO;
				DEBUG_INFORMATION_FORMAT = dwarf;
				ENABLE_STRICT_OBJC_MSGSEND = YES;
				ENABLE_TESTABILITY = YES;
				GCC_C_LANGUAGE_STANDARD = gnu99;
				GCC_DYNAMIC_NO_PIC = NO;
				GCC_NO_COMMON_BLOCKS = YES;
				GCC_OPTIMIZATION_LEVEL = 0;
				GCC_PREPROCESSOR_DEFINITIONS = (
					"DEBUG=1",
					"$(inherited)",
				);
				GCC_WARN_64_TO_32_BIT_CONVERSION = YES;
				GCC_WARN_ABOUT_RETURN_TYPE = YES_ERROR;
				GCC_WARN_UNDECLARED_SELECTOR = YES;
				GCC_WARN_UNINITIALIZED_AUTOS = YES_AGGRESSIVE;
				GCC_WARN_UNUSED_FUNCTION = YES;
				GCC_WARN_UNUSED_VARIABLE = YES;
				IPHONEOS_DEPLOYMENT_TARGET = 10.3;
				MTL_ENABLE_DEBUG_INFO = YES;
				ONLY_ACTIVE_ARCH = YES;
				SDKROOT = iphoneos;
				SWIFT_ACTIVE_COMPILATION_CONDITIONS = DEBUG;
				SWIFT_OPTIMIZATION_LEVEL = "-Onone";
				TARGETED_DEVICE_FAMILY = "1,2";
			};
			name = Debug;
		};
		0E2CDAAB1F13536D00DFF676 /* Release */ = {
			isa = XCBuildConfiguration;
			buildSettings = {
				ALWAYS_SEARCH_USER_PATHS = NO;
				CLANG_ANALYZER_NONNULL = YES;
				CLANG_ANALYZER_NUMBER_OBJECT_CONVERSION = YES_AGGRESSIVE;
				CLANG_CXX_LANGUAGE_STANDARD = "gnu++0x";
				CLANG_CXX_LIBRARY = "libc++";
				CLANG_ENABLE_MODULES = YES;
				CLANG_ENABLE_OBJC_ARC = YES;
				CLANG_WARN_BOOL_CONVERSION = YES;
				CLANG_WARN_CONSTANT_CONVERSION = YES;
				CLANG_WARN_DIRECT_OBJC_ISA_USAGE = YES_ERROR;
				CLANG_WARN_DOCUMENTATION_COMMENTS = YES;
				CLANG_WARN_EMPTY_BODY = YES;
				CLANG_WARN_ENUM_CONVERSION = YES;
				CLANG_WARN_INFINITE_RECURSION = YES;
				CLANG_WARN_INT_CONVERSION = YES;
				CLANG_WARN_OBJC_ROOT_CLASS = YES_ERROR;
				CLANG_WARN_SUSPICIOUS_MOVE = YES;
				CLANG_WARN_UNREACHABLE_CODE = YES;
				CLANG_WARN__DUPLICATE_METHOD_MATCH = YES;
				"CODE_SIGN_IDENTITY[sdk=iphoneos*]" = "iPhone Developer";
				COPY_PHASE_STRIP = NO;
				DEBUG_INFORMATION_FORMAT = "dwarf-with-dsym";
				ENABLE_NS_ASSERTIONS = NO;
				ENABLE_STRICT_OBJC_MSGSEND = YES;
				GCC_C_LANGUAGE_STANDARD = gnu99;
				GCC_NO_COMMON_BLOCKS = YES;
				GCC_WARN_64_TO_32_BIT_CONVERSION = YES;
				GCC_WARN_ABOUT_RETURN_TYPE = YES_ERROR;
				GCC_WARN_UNDECLARED_SELECTOR = YES;
				GCC_WARN_UNINITIALIZED_AUTOS = YES_AGGRESSIVE;
				GCC_WARN_UNUSED_FUNCTION = YES;
				GCC_WARN_UNUSED_VARIABLE = YES;
				IPHONEOS_DEPLOYMENT_TARGET = 10.3;
				MTL_ENABLE_DEBUG_INFO = NO;
				SDKROOT = iphoneos;
				SWIFT_OPTIMIZATION_LEVEL = "-Owholemodule";
				TARGETED_DEVICE_FAMILY = "1,2";
				VALIDATE_PRODUCT = YES;
			};
			name = Release;
		};
		0E2CDAAD1F13536D00DFF676 /* Debug */ = {
			isa = XCBuildConfiguration;
			buildSettings = {
				ASSETCATALOG_COMPILER_APPICON_NAME = AppIcon;
				DEVELOPMENT_TEAM = NK43D9F8MS;
				INFOPLIST_FILE = StateMachine/Info.plist;
				LD_RUNPATH_SEARCH_PATHS = "$(inherited) @executable_path/Frameworks";
				PRODUCT_BUNDLE_IDENTIFIER = iShawnWang.StateMachine;
				PRODUCT_NAME = "$(TARGET_NAME)";
				SWIFT_VERSION = 3.0;
			};
			name = Debug;
		};
		0E2CDAAE1F13536D00DFF676 /* Release */ = {
			isa = XCBuildConfiguration;
			buildSettings = {
				ASSETCATALOG_COMPILER_APPICON_NAME = AppIcon;
				DEVELOPMENT_TEAM = NK43D9F8MS;
				INFOPLIST_FILE = StateMachine/Info.plist;
				LD_RUNPATH_SEARCH_PATHS = "$(inherited) @executable_path/Frameworks";
				PRODUCT_BUNDLE_IDENTIFIER = iShawnWang.StateMachine;
				PRODUCT_NAME = "$(TARGET_NAME)";
				SWIFT_VERSION = 3.0;
			};
			name = Release;
		};
		0E2CDAB01F13536D00DFF676 /* Debug */ = {
			isa = XCBuildConfiguration;
			buildSettings = {
				ALWAYS_EMBED_SWIFT_STANDARD_LIBRARIES = YES;
				BUNDLE_LOADER = "$(TEST_HOST)";
				DEVELOPMENT_TEAM = NK43D9F8MS;
				INFOPLIST_FILE = StateMachineTests/Info.plist;
				LD_RUNPATH_SEARCH_PATHS = "$(inherited) @executable_path/Frameworks @loader_path/Frameworks";
				PRODUCT_BUNDLE_IDENTIFIER = iShawnWang.StateMachineTests;
				PRODUCT_NAME = "$(TARGET_NAME)";
				SWIFT_VERSION = 3.0;
				TEST_HOST = "$(BUILT_PRODUCTS_DIR)/StateMachine.app/StateMachine";
			};
			name = Debug;
		};
		0E2CDAB11F13536D00DFF676 /* Release */ = {
			isa = XCBuildConfiguration;
			buildSettings = {
				ALWAYS_EMBED_SWIFT_STANDARD_LIBRARIES = YES;
				BUNDLE_LOADER = "$(TEST_HOST)";
				DEVELOPMENT_TEAM = NK43D9F8MS;
				INFOPLIST_FILE = StateMachineTests/Info.plist;
				LD_RUNPATH_SEARCH_PATHS = "$(inherited) @executable_path/Frameworks @loader_path/Frameworks";
				PRODUCT_BUNDLE_IDENTIFIER = iShawnWang.StateMachineTests;
				PRODUCT_NAME = "$(TARGET_NAME)";
				SWIFT_VERSION = 3.0;
				TEST_HOST = "$(BUILT_PRODUCTS_DIR)/StateMachine.app/StateMachine";
			};
			name = Release;
		};
		0E2CDAB31F13536D00DFF676 /* Debug */ = {
			isa = XCBuildConfiguration;
			buildSettings = {
				ALWAYS_EMBED_SWIFT_STANDARD_LIBRARIES = YES;
				DEVELOPMENT_TEAM = NK43D9F8MS;
				INFOPLIST_FILE = StateMachineUITests/Info.plist;
				LD_RUNPATH_SEARCH_PATHS = "$(inherited) @executable_path/Frameworks @loader_path/Frameworks";
				PRODUCT_BUNDLE_IDENTIFIER = iShawnWang.StateMachineUITests;
				PRODUCT_NAME = "$(TARGET_NAME)";
				SWIFT_VERSION = 3.0;
				TEST_TARGET_NAME = StateMachine;
			};
			name = Debug;
		};
		0E2CDAB41F13536D00DFF676 /* Release */ = {
			isa = XCBuildConfiguration;
			buildSettings = {
				ALWAYS_EMBED_SWIFT_STANDARD_LIBRARIES = YES;
				DEVELOPMENT_TEAM = NK43D9F8MS;
				INFOPLIST_FILE = StateMachineUITests/Info.plist;
				LD_RUNPATH_SEARCH_PATHS = "$(inherited) @executable_path/Frameworks @loader_path/Frameworks";
				PRODUCT_BUNDLE_IDENTIFIER = iShawnWang.StateMachineUITests;
				PRODUCT_NAME = "$(TARGET_NAME)";
				SWIFT_VERSION = 3.0;
				TEST_TARGET_NAME = StateMachine;
			};
			name = Release;
		};
/* End XCBuildConfiguration section */

/* Begin XCConfigurationList section */
		0E2CDA7F1F13536D00DFF676 /* Build configuration list for PBXProject "StateMachine" */ = {
			isa = XCConfigurationList;
			buildConfigurations = (
				0E2CDAAA1F13536D00DFF676 /* Debug */,
				0E2CDAAB1F13536D00DFF676 /* Release */,
			);
			defaultConfigurationIsVisible = 0;
			defaultConfigurationName = Release;
		};
		0E2CDAAC1F13536D00DFF676 /* Build configuration list for PBXNativeTarget "StateMachine" */ = {
			isa = XCConfigurationList;
			buildConfigurations = (
				0E2CDAAD1F13536D00DFF676 /* Debug */,
				0E2CDAAE1F13536D00DFF676 /* Release */,
			);
			defaultConfigurationIsVisible = 0;
			defaultConfigurationName = Release;
		};
		0E2CDAAF1F13536D00DFF676 /* Build configuration list for PBXNativeTarget "StateMachineTests" */ = {
			isa = XCConfigurationList;
			buildConfigurations = (
				0E2CDAB01F13536D00DFF676 /* Debug */,
				0E2CDAB11F13536D00DFF676 /* Release */,
			);
			defaultConfigurationIsVisible = 0;
			defaultConfigurationName = Release;
		};
		0E2CDAB21F13536D00DFF676 /* Build configuration list for PBXNativeTarget "StateMachineUITests" */ = {
			isa = XCConfigurationList;
			buildConfigurations = (
				0E2CDAB31F13536D00DFF676 /* Debug */,
				0E2CDAB41F13536D00DFF676 /* Release */,
			);
			defaultConfigurationIsVisible = 0;
			defaultConfigurationName = Release;
		};
/* End XCConfigurationList section */
	};
	rootObject = 0E2CDA7C1F13536D00DFF676 /* Project object */;
}
